{
    "_meta": {
        "hash": {
            "sha256": "3e56239395f99b14a906504c9666bdb865c9359d13c6331e4d3d3dbe8288bb58"
        },
        "pipfile-spec": 6,
        "requires": {
            "python_version": "3.12"
        },
        "sources": [
            {
                "name": "pypi",
                "url": "https://pypi.org/simple",
                "verify_ssl": true
            }
        ]
    },
    "default": {
        "aiofiles": {
            "hashes": [
                "sha256:19297512c647d4b27a2cf7c34caa7e405c0d60b5560618a29a9fe027b18b0107",
                "sha256:84ec2218d8419404abcb9f0c02df3f34c6e0a68ed41072acfb1cef5cbc29051a"
            ],
            "markers": "python_version >= '3.7'",
            "version": "==23.2.1"
        },
        "aioprometheus": {
            "hashes": [
                "sha256:142cd23d00b31e7c498bb4d03f390b93fcae0225aa6dbb97f3c731fc337561b8"
            ],
            "index": "pypi",
            "markers": "python_full_version >= '3.8.0'",
            "version": "==23.3.0"
        },
        "blinker": {
            "hashes": [
                "sha256:152090d27c1c5c722ee7e48504b02d76502811ce02e1523553b4cf8c8b3d3a8d",
                "sha256:296320d6c28b006eb5e32d4712202dbcdcbf5dc482da298c2f44881c43884aaa"
            ],
            "markers": "python_version >= '3.7'",
            "version": "==1.6.3"
        },
        "clamd": {
            "git": "https://github.com/temal-/python-clamd-async.git",
            "ref": "a4efe6ff4507e9b7075b4a9f8d34cfdcceecd3ff"
        },
        "click": {
            "hashes": [
                "sha256:ae74fb96c20a0277a1d615f1e4d73c8414f5a98db8b799a7931d1582f3390c28",
                "sha256:ca9853ad459e787e2192211578cc907e7594e294c7ccc834310722b41b9ca6de"
            ],
            "markers": "python_version >= '3.7'",
            "version": "==8.1.7"
        },
        "flask": {
            "hashes": [
                "sha256:21128f47e4e3b9d597a3e8521a329bf56909b690fcc3fa3e477725aa81367638",
                "sha256:cfadcdb638b609361d29ec22360d6070a77d7463dcb3ab08d2c2f2f168845f58"
            ],
            "markers": "python_version >= '3.8'",
            "version": "==3.0.0"
        },
        "h11": {
            "hashes": [
                "sha256:8f19fbbe99e72420ff35c00b27a34cb9937e902a8b810e2c88300c6f0a3b699d",
                "sha256:e3fe4ac4b851c468cc8363d500db52c2ead036020723024a109d37346efaa761"
            ],
            "markers": "python_version >= '3.7'",
            "version": "==0.14.0"
        },
        "h2": {
            "hashes": [
                "sha256:03a46bcf682256c95b5fd9e9a99c1323584c3eec6440d379b9903d709476bc6d",
                "sha256:a83aca08fbe7aacb79fec788c9c0bac936343560ed9ec18b82a13a12c28d2abb"
            ],
            "markers": "python_full_version >= '3.6.1'",
            "version": "==4.1.0"
        },
        "hpack": {
            "hashes": [
                "sha256:84a076fad3dc9a9f8063ccb8041ef100867b1878b25ef0ee63847a5d53818a6c",
                "sha256:fc41de0c63e687ebffde81187a948221294896f6bdc0ae2312708df339430095"
            ],
            "markers": "python_full_version >= '3.6.1'",
            "version": "==4.0.0"
        },
        "hypercorn": {
            "extras": [
                "uvloop"
            ],
            "hashes": [
                "sha256:3fa504efc46a271640023c9b88c3184fd64993f47a282e8ae1a13ccb285c2f67",
                "sha256:f956200dbf8677684e6e976219ffa6691d6cf795281184b41dbb0b135ab37b8d"
            ],
            "markers": "python_version >= '3.7'",
            "version": "==0.14.4"
        },
        "hyperframe": {
            "hashes": [
                "sha256:0ec6bafd80d8ad2195c4f03aacba3a8265e57bc4cff261e802bf39970ed02a15",
                "sha256:ae510046231dc8e9ecb1a6586f63d2347bf4c8905914aa84ba585ae85f28a914"
            ],
            "markers": "python_full_version >= '3.6.1'",
            "version": "==6.0.1"
        },
        "itsdangerous": {
            "hashes": [
                "sha256:2c2349112351b88699d8d4b6b075022c0808887cb7ad10069318a8b0bc88db44",
                "sha256:5dbbc68b317e5e42f327f9021763545dc3fc3bfe22e6deb96aaf1fc38874156a"
            ],
            "markers": "python_version >= '3.7'",
            "version": "==2.1.2"
        },
        "jinja2": {
            "hashes": [
                "sha256:7d6d50dd97d52cbc355597bd845fabfbac3f551e1f99619e39a35ce8c370b5fa",
                "sha256:ac8bd6544d4bb2c9792bf3a159e80bba8fda7f07e81bc3aed565432d5925ba90"
            ],
            "index": "pypi",
            "markers": "python_version >= '3.7'",
            "version": "==3.1.3"
        },
        "json-logging": {
            "hashes": [
                "sha256:5def627a18b9e61690d58016ee5312681b407e3106c80a4be7c787abb8a21355",
                "sha256:60a02a1daa168a08aa0a41eeeda63e92500ab08170491bdd326cf00d17f656f8"
            ],
            "index": "pypi",
            "version": "==1.3.0"
        },
        "markupsafe": {
            "hashes": [
                "sha256:00e046b6dd71aa03a41079792f8473dc494d564611a8f89bbbd7cb93295ebdcf",
                "sha256:075202fa5b72c86ad32dc7d0b56024ebdbcf2048c0ba09f1cde31bfdd57bcfff",
                "sha256:0e397ac966fdf721b2c528cf028494e86172b4feba51d65f81ffd65c63798f3f",
                "sha256:17b950fccb810b3293638215058e432159d2b71005c74371d784862b7e4683f3",
                "sha256:1f3fbcb7ef1f16e48246f704ab79d79da8a46891e2da03f8783a5b6fa41a9532",
                "sha256:2174c595a0d73a3080ca3257b40096db99799265e1c27cc5a610743acd86d62f",
                "sha256:2b7c57a4dfc4f16f7142221afe5ba4e093e09e728ca65c51f5620c9aaeb9a617",
                "sha256:2d2d793e36e230fd32babe143b04cec8a8b3eb8a3122d2aceb4a371e6b09b8df",
                "sha256:30b600cf0a7ac9234b2638fbc0fb6158ba5bdcdf46aeb631ead21248b9affbc4",
                "sha256:397081c1a0bfb5124355710fe79478cdbeb39626492b15d399526ae53422b906",
                "sha256:3a57fdd7ce31c7ff06cdfbf31dafa96cc533c21e443d57f5b1ecc6cdc668ec7f",
                "sha256:3c6b973f22eb18a789b1460b4b91bf04ae3f0c4234a0a6aa6b0a92f6f7b951d4",
                "sha256:3e53af139f8579a6d5f7b76549125f0d94d7e630761a2111bc431fd820e163b8",
                "sha256:4096e9de5c6fdf43fb4f04c26fb114f61ef0bf2e5604b6ee3019d51b69e8c371",
                "sha256:4275d846e41ecefa46e2015117a9f491e57a71ddd59bbead77e904dc02b1bed2",
                "sha256:4c31f53cdae6ecfa91a77820e8b151dba54ab528ba65dfd235c80b086d68a465",
                "sha256:4f11aa001c540f62c6166c7726f71f7573b52c68c31f014c25cc7901deea0b52",
                "sha256:5049256f536511ee3f7e1b3f87d1d1209d327e818e6ae1365e8653d7e3abb6a6",
                "sha256:58c98fee265677f63a4385256a6d7683ab1832f3ddd1e66fe948d5880c21a169",
                "sha256:598e3276b64aff0e7b3451b72e94fa3c238d452e7ddcd893c3ab324717456bad",
                "sha256:5b7b716f97b52c5a14bffdf688f971b2d5ef4029127f1ad7a513973cfd818df2",
                "sha256:5dedb4db619ba5a2787a94d877bc8ffc0566f92a01c0ef214865e54ecc9ee5e0",
                "sha256:619bc166c4f2de5caa5a633b8b7326fbe98e0ccbfacabd87268a2b15ff73a029",
                "sha256:629ddd2ca402ae6dbedfceeba9c46d5f7b2a61d9749597d4307f943ef198fc1f",
                "sha256:656f7526c69fac7f600bd1f400991cc282b417d17539a1b228617081106feb4a",
                "sha256:6ec585f69cec0aa07d945b20805be741395e28ac1627333b1c5b0105962ffced",
                "sha256:72b6be590cc35924b02c78ef34b467da4ba07e4e0f0454a2c5907f473fc50ce5",
                "sha256:7502934a33b54030eaf1194c21c692a534196063db72176b0c4028e140f8f32c",
                "sha256:7a68b554d356a91cce1236aa7682dc01df0edba8d043fd1ce607c49dd3c1edcf",
                "sha256:7b2e5a267c855eea6b4283940daa6e88a285f5f2a67f2220203786dfa59b37e9",
                "sha256:823b65d8706e32ad2df51ed89496147a42a2a6e01c13cfb6ffb8b1e92bc910bb",
                "sha256:8590b4ae07a35970728874632fed7bd57b26b0102df2d2b233b6d9d82f6c62ad",
                "sha256:8dd717634f5a044f860435c1d8c16a270ddf0ef8588d4887037c5028b859b0c3",
                "sha256:8dec4936e9c3100156f8a2dc89c4b88d5c435175ff03413b443469c7c8c5f4d1",
                "sha256:97cafb1f3cbcd3fd2b6fbfb99ae11cdb14deea0736fc2b0952ee177f2b813a46",
                "sha256:a17a92de5231666cfbe003f0e4b9b3a7ae3afb1ec2845aadc2bacc93ff85febc",
                "sha256:a549b9c31bec33820e885335b451286e2969a2d9e24879f83fe904a5ce59d70a",
                "sha256:ac07bad82163452a6884fe8fa0963fb98c2346ba78d779ec06bd7a6262132aee",
                "sha256:ae2ad8ae6ebee9d2d94b17fb62763125f3f374c25618198f40cbb8b525411900",
                "sha256:b91c037585eba9095565a3556f611e3cbfaa42ca1e865f7b8015fe5c7336d5a5",
                "sha256:bc1667f8b83f48511b94671e0e441401371dfd0f0a795c7daa4a3cd1dde55bea",
                "sha256:bec0a414d016ac1a18862a519e54b2fd0fc8bbfd6890376898a6c0891dd82e9f",
                "sha256:bf50cd79a75d181c9181df03572cdce0fbb75cc353bc350712073108cba98de5",
                "sha256:bff1b4290a66b490a2f4719358c0cdcd9bafb6b8f061e45c7a2460866bf50c2e",
                "sha256:c061bb86a71b42465156a3ee7bd58c8c2ceacdbeb95d05a99893e08b8467359a",
                "sha256:c8b29db45f8fe46ad280a7294f5c3ec36dbac9491f2d1c17345be8e69cc5928f",
                "sha256:ce409136744f6521e39fd8e2a24c53fa18ad67aa5bc7c2cf83645cce5b5c4e50",
                "sha256:d050b3361367a06d752db6ead6e7edeb0009be66bc3bae0ee9d97fb326badc2a",
                "sha256:d283d37a890ba4c1ae73ffadf8046435c76e7bc2247bbb63c00bd1a709c6544b",
                "sha256:d9fad5155d72433c921b782e58892377c44bd6252b5af2f67f16b194987338a4",
                "sha256:daa4ee5a243f0f20d528d939d06670a298dd39b1ad5f8a72a4275124a7819eff",
                "sha256:db0b55e0f3cc0be60c1f19efdde9a637c32740486004f20d1cff53c3c0ece4d2",
                "sha256:e61659ba32cf2cf1481e575d0462554625196a1f2fc06a1c777d3f48e8865d46",
                "sha256:ea3d8a3d18833cf4304cd2fc9cbb1efe188ca9b5efef2bdac7adc20594a0e46b",
                "sha256:ec6a563cff360b50eed26f13adc43e61bc0c04d94b8be985e6fb24b81f6dcfdf",
                "sha256:f5dfb42c4604dddc8e4305050aa6deb084540643ed5804d7455b5df8fe16f5e5",
                "sha256:fa173ec60341d6bb97a89f5ea19c85c5643c1e7dedebc22f5181eb73573142c5",
                "sha256:fa9db3f79de01457b03d4f01b34cf91bc0048eb2c3846ff26f66687c2f6d16ab",
                "sha256:fce659a462a1be54d2ffcacea5e3ba2d74daa74f30f5f143fe0c58636e355fdd",
                "sha256:ffee1f21e5ef0d712f9033568f8344d5da8cc2869dbd08d87c84656e6a2d2f68"
            ],
            "markers": "python_version >= '3.7'",
            "version": "==2.1.5"
        },
        "orjson": {
            "hashes": [
                "sha256:001f4eb0ecd8e9ebd295722d0cbedf0748680fb9998d3993abaed2f40587257a",
                "sha256:05a1f57fb601c426635fcae9ddbe90dfc1ed42245eb4c75e4960440cac667262",
                "sha256:10c57bc7b946cf2efa67ac55766e41764b66d40cbd9489041e637c1304400494",
                "sha256:12365576039b1a5a47df01aadb353b68223da413e2e7f98c02403061aad34bde",
                "sha256:2973474811db7b35c30248d1129c64fd2bdf40d57d84beed2a9a379a6f57d0ab",
                "sha256:2b5c0f532905e60cf22a511120e3719b85d9c25d0e1c2a8abb20c4dede3b05a5",
                "sha256:2c51378d4a8255b2e7c1e5cc430644f0939539deddfa77f6fac7b56a9784160a",
                "sha256:2d99e3c4c13a7b0fb3792cc04c2829c9db07838fb6973e578b85c1745e7d0ce7",
                "sha256:2f256d03957075fcb5923410058982aea85455d035607486ccb847f095442bda",
                "sha256:34cbcd216e7af5270f2ffa63a963346845eb71e174ea530867b7443892d77180",
                "sha256:4228aace81781cc9d05a3ec3a6d2673a1ad0d8725b4e915f1089803e9efd2b99",
                "sha256:4feeb41882e8aa17634b589533baafdceb387e01e117b1ec65534ec724023d04",
                "sha256:57d5d8cf9c27f7ef6bc56a5925c7fbc76b61288ab674eb352c26ac780caa5b10",
                "sha256:5bb399e1b49db120653a31463b4a7b27cf2fbfe60469546baf681d1b39f4edf2",
                "sha256:62482873e0289cf7313461009bf62ac8b2e54bc6f00c6fabcde785709231a5d7",
                "sha256:67384f588f7f8daf040114337d34a5188346e3fae6c38b6a19a2fe8c663a2f9b",
                "sha256:6ae4e06be04dc00618247c4ae3f7c3e561d5bc19ab6941427f6d3722a0875ef7",
                "sha256:6f7b65bfaf69493c73423ce9db66cfe9138b2f9ef62897486417a8fcb0a92bfe",
                "sha256:6fc2fe4647927070df3d93f561d7e588a38865ea0040027662e3e541d592811e",
                "sha256:71c6b009d431b3839d7c14c3af86788b3cfac41e969e3e1c22f8a6ea13139404",
                "sha256:7413070a3e927e4207d00bd65f42d1b780fb0d32d7b1d951f6dc6ade318e1b5a",
                "sha256:76bc6356d07c1d9f4b782813094d0caf1703b729d876ab6a676f3aaa9a47e37c",
                "sha256:7f6cbd8e6e446fb7e4ed5bac4661a29e43f38aeecbf60c4b900b825a353276a1",
                "sha256:8055ec598605b0077e29652ccfe9372247474375e0e3f5775c91d9434e12d6b1",
                "sha256:809d653c155e2cc4fd39ad69c08fdff7f4016c355ae4b88905219d3579e31eb7",
                "sha256:82425dd5c7bd3adfe4e94c78e27e2fa02971750c2b7ffba648b0f5d5cc016a73",
                "sha256:87f1097acb569dde17f246faa268759a71a2cb8c96dd392cd25c668b104cad2f",
                "sha256:920fa5a0c5175ab14b9c78f6f820b75804fb4984423ee4c4f1e6d748f8b22bc1",
                "sha256:92255879280ef9c3c0bcb327c5a1b8ed694c290d61a6a532458264f887f052cb",
                "sha256:946c3a1ef25338e78107fba746f299f926db408d34553b4754e90a7de1d44068",
                "sha256:95cae920959d772f30ab36d3b25f83bb0f3be671e986c72ce22f8fa700dae061",
                "sha256:9cf1596680ac1f01839dba32d496136bdd5d8ffb858c280fa82bbfeb173bdd40",
                "sha256:9fe41b6f72f52d3da4db524c8653e46243c8c92df826ab5ffaece2dba9cccd58",
                "sha256:b17f0f14a9c0ba55ff6279a922d1932e24b13fc218a3e968ecdbf791b3682b25",
                "sha256:b3d336ed75d17c7b1af233a6561cf421dee41d9204aa3cfcc6c9c65cd5bb69a8",
                "sha256:b66bcc5670e8a6b78f0313bcb74774c8291f6f8aeef10fe70e910b8040f3ab75",
                "sha256:b725da33e6e58e4a5d27958568484aa766e825e93aa20c26c91168be58e08cbb",
                "sha256:b72758f3ffc36ca566ba98a8e7f4f373b6c17c646ff8ad9b21ad10c29186f00d",
                "sha256:bcef128f970bb63ecf9a65f7beafd9b55e3aaf0efc271a4154050fc15cdb386e",
                "sha256:c8e8fe01e435005d4421f183038fc70ca85d2c1e490f51fb972db92af6e047c2",
                "sha256:d61f7ce4727a9fa7680cd6f3986b0e2c732639f46a5e0156e550e35258aa313a",
                "sha256:d6768a327ea1ba44c9114dba5fdda4a214bdb70129065cd0807eb5f010bfcbb5",
                "sha256:e18668f1bd39e69b7fed19fa7cd1cd110a121ec25439328b5c89934e6d30d357",
                "sha256:e88b97ef13910e5f87bcbc4dd7979a7de9ba8702b54d3204ac587e83639c0c2b",
                "sha256:ea0b183a5fe6b2b45f3b854b0d19c4e932d6f5934ae1f723b07cf9560edd4ec7",
                "sha256:ede0bde16cc6e9b96633df1631fbcd66491d1063667f260a4f2386a098393790",
                "sha256:f541587f5c558abd93cb0de491ce99a9ef8d1ae29dd6ab4dbb5a13281ae04cbd",
                "sha256:fbbeb3c9b2edb5fd044b2a070f127a0ac456ffd079cb82746fc84af01ef021a4",
                "sha256:fdfa97090e2d6f73dced247a2f2d8004ac6449df6568f30e7fa1a045767c69a6",
                "sha256:ff0f9913d82e1d1fadbd976424c316fbc4d9c525c81d047bbdd16bd27dd98cfc"
            ],
            "index": "pypi",
            "markers": "python_version >= '3.8'",
            "version": "==3.9.15"
        },
        "priority": {
            "hashes": [
                "sha256:6f8eefce5f3ad59baf2c080a664037bb4725cd0a790d53d59ab4059288faf6aa",
                "sha256:c965d54f1b8d0d0b19479db3924c7c36cf672dbf2aec92d43fbdaf4492ba18c0"
            ],
            "markers": "python_full_version >= '3.6.1'",
            "version": "==2.0.0"
        },
        "quantile-python": {
            "hashes": [
                "sha256:558629e88c497ef3b9b1081349c1ae6a61b53590e317724298ff54c674db7969"
            ],
            "version": "==1.1"
        },
        "quart": {
            "hashes": [
                "sha256:3bfb433bb4edfcb13eb908096e579cb99eaae0b57ef05a3edfde797a2b12518a",
                "sha256:530ab6cc9b9e694ba48c00085a7bf881e2f7f23bdc51e27281e6739eee36c13f"
            ],
            "index": "pypi",
            "markers": "python_version >= '3.8'",
            "version": "==0.19.3"
        },
        "uvloop": {
            "hashes": [
                "sha256:0246f4fd1bf2bf702e06b0d45ee91677ee5c31242f39aab4ea6fe0c51aedd0fd",
                "sha256:02506dc23a5d90e04d4f65c7791e65cf44bd91b37f24cfc3ef6cf2aff05dc7ec",
                "sha256:13dfdf492af0aa0a0edf66807d2b465607d11c4fa48f4a1fd41cbea5b18e8e8b",
                "sha256:2693049be9d36fef81741fddb3f441673ba12a34a704e7b4361efb75cf30befc",
                "sha256:271718e26b3e17906b28b67314c45d19106112067205119dddbd834c2b7ce797",
                "sha256:2df95fca285a9f5bfe730e51945ffe2fa71ccbfdde3b0da5772b4ee4f2e770d5",
                "sha256:31e672bb38b45abc4f26e273be83b72a0d28d074d5b370fc4dcf4c4eb15417d2",
                "sha256:34175c9fd2a4bc3adc1380e1261f60306344e3407c20a4d684fd5f3be010fa3d",
                "sha256:45bf4c24c19fb8a50902ae37c5de50da81de4922af65baf760f7c0c42e1088be",
                "sha256:472d61143059c84947aa8bb74eabbace30d577a03a1805b77933d6bd13ddebbd",
                "sha256:47bf3e9312f63684efe283f7342afb414eea4d3011542155c7e625cd799c3b12",
                "sha256:492e2c32c2af3f971473bc22f086513cedfc66a130756145a931a90c3958cb17",
                "sha256:4ce6b0af8f2729a02a5d1575feacb2a94fc7b2e983868b009d51c9a9d2149bef",
                "sha256:5138821e40b0c3e6c9478643b4660bd44372ae1e16a322b8fc07478f92684e24",
                "sha256:5588bd21cf1fcf06bded085f37e43ce0e00424197e7c10e77afd4bbefffef428",
                "sha256:570fc0ed613883d8d30ee40397b79207eedd2624891692471808a95069a007c1",
                "sha256:5a05128d315e2912791de6088c34136bfcdd0c7cbc1cf85fd6fd1bb321b7c849",
                "sha256:5daa304d2161d2918fa9a17d5635099a2f78ae5b5960e742b2fcfbb7aefaa593",
                "sha256:5f17766fb6da94135526273080f3455a112f82570b2ee5daa64d682387fe0dcd",
                "sha256:6e3d4e85ac060e2342ff85e90d0c04157acb210b9ce508e784a944f852a40e67",
                "sha256:7010271303961c6f0fe37731004335401eb9075a12680738731e9c92ddd96ad6",
                "sha256:7207272c9520203fea9b93843bb775d03e1cf88a80a936ce760f60bb5add92f3",
                "sha256:78ab247f0b5671cc887c31d33f9b3abfb88d2614b84e4303f1a63b46c046c8bd",
                "sha256:7b1fd71c3843327f3bbc3237bedcdb6504fd50368ab3e04d0410e52ec293f5b8",
                "sha256:8ca4956c9ab567d87d59d49fa3704cf29e37109ad348f2d5223c9bf761a332e7",
                "sha256:91ab01c6cd00e39cde50173ba4ec68a1e578fee9279ba64f5221810a9e786533",
                "sha256:cd81bdc2b8219cb4b2556eea39d2e36bfa375a2dd021404f90a62e44efaaf957",
                "sha256:da8435a3bd498419ee8c13c34b89b5005130a476bda1d6ca8cfdde3de35cd650",
                "sha256:de4313d7f575474c8f5a12e163f6d89c0a878bc49219641d49e6f1444369a90e",
                "sha256:e27f100e1ff17f6feeb1f33968bc185bf8ce41ca557deee9d9bbbffeb72030b7",
                "sha256:f467a5fd23b4fc43ed86342641f3936a68ded707f4627622fa3f82a120e18256"
            ],
            "version": "==0.19.0"
        },
        "werkzeug": {
            "hashes": [
                "sha256:507e811ecea72b18a404947aded4b3390e1db8f826b494d76550ef45bb3b1dcc",
                "sha256:90a285dc0e42ad56b34e696398b8122ee4c681833fb35b8334a095d82c56da10"
            ],
            "markers": "python_version >= '3.8'",
            "version": "==3.0.1"
        },
        "wsproto": {
            "hashes": [
                "sha256:ad565f26ecb92588a3e43bc3d96164de84cd9902482b130d0ddbaa9664a85065",
                "sha256:b9acddd652b585d75b20477888c56642fdade28bdfd3579aa24a4d2c037dd736"
            ],
            "markers": "python_full_version >= '3.7.0'",
            "version": "==1.2.0"
        }
    },
    "develop": {
        "attrs": {
            "hashes": [
                "sha256:1f28b4522cdc2fb4256ac1a020c78acf9cba2c6b461ccd2c126f3aa8e8335d04",
                "sha256:6279836d581513a26f1bf235f9acd333bc9115683f14f7e8fae46c98fc50e015"
            ],
            "markers": "python_version >= '3.7'",
            "version": "==23.1.0"
        },
        "certifi": {
            "hashes": [
                "sha256:539cc1d13202e33ca466e88b2807e29f4c13049d6d87031a3c110744495cb082",
                "sha256:92d6037539857d8206b8f6ae472e8b77db8058fec5937a1ef3f54304089edbb9"
            ],
            "markers": "python_version >= '3.6'",
            "version": "==2023.7.22"
        },
        "charset-normalizer": {
            "hashes": [
                "sha256:06cf46bdff72f58645434d467bf5228080801298fbba19fe268a01b4534467f5",
                "sha256:0c8c61fb505c7dad1d251c284e712d4e0372cef3b067f7ddf82a7fa82e1e9a93",
                "sha256:10b8dd31e10f32410751b3430996f9807fc4d1587ca69772e2aa940a82ab571a",
                "sha256:1171ef1fc5ab4693c5d151ae0fdad7f7349920eabbaca6271f95969fa0756c2d",
                "sha256:17a866d61259c7de1bdadef418a37755050ddb4b922df8b356503234fff7932c",
                "sha256:1d6bfc32a68bc0933819cfdfe45f9abc3cae3877e1d90aac7259d57e6e0f85b1",
                "sha256:1ec937546cad86d0dce5396748bf392bb7b62a9eeb8c66efac60e947697f0e58",
                "sha256:223b4d54561c01048f657fa6ce41461d5ad8ff128b9678cfe8b2ecd951e3f8a2",
                "sha256:2465aa50c9299d615d757c1c888bc6fef384b7c4aec81c05a0172b4400f98557",
                "sha256:28f512b9a33235545fbbdac6a330a510b63be278a50071a336afc1b78781b147",
                "sha256:2c092be3885a1b7899cd85ce24acedc1034199d6fca1483fa2c3a35c86e43041",
                "sha256:2c4c99f98fc3a1835af8179dcc9013f93594d0670e2fa80c83aa36346ee763d2",
                "sha256:31445f38053476a0c4e6d12b047b08ced81e2c7c712e5a1ad97bc913256f91b2",
                "sha256:31bbaba7218904d2eabecf4feec0d07469284e952a27400f23b6628439439fa7",
                "sha256:34d95638ff3613849f473afc33f65c401a89f3b9528d0d213c7037c398a51296",
                "sha256:352a88c3df0d1fa886562384b86f9a9e27563d4704ee0e9d56ec6fcd270ea690",
                "sha256:39b70a6f88eebe239fa775190796d55a33cfb6d36b9ffdd37843f7c4c1b5dc67",
                "sha256:3c66df3f41abee950d6638adc7eac4730a306b022570f71dd0bd6ba53503ab57",
                "sha256:3f70fd716855cd3b855316b226a1ac8bdb3caf4f7ea96edcccc6f484217c9597",
                "sha256:3f9bc2ce123637a60ebe819f9fccc614da1bcc05798bbbaf2dd4ec91f3e08846",
                "sha256:3fb765362688821404ad6cf86772fc54993ec11577cd5a92ac44b4c2ba52155b",
                "sha256:45f053a0ece92c734d874861ffe6e3cc92150e32136dd59ab1fb070575189c97",
                "sha256:46fb9970aa5eeca547d7aa0de5d4b124a288b42eaefac677bde805013c95725c",
                "sha256:4cb50a0335382aac15c31b61d8531bc9bb657cfd848b1d7158009472189f3d62",
                "sha256:4e12f8ee80aa35e746230a2af83e81bd6b52daa92a8afaef4fea4a2ce9b9f4fa",
                "sha256:4f3100d86dcd03c03f7e9c3fdb23d92e32abbca07e7c13ebd7ddfbcb06f5991f",
                "sha256:4f6e2a839f83a6a76854d12dbebde50e4b1afa63e27761549d006fa53e9aa80e",
                "sha256:4f861d94c2a450b974b86093c6c027888627b8082f1299dfd5a4bae8e2292821",
                "sha256:501adc5eb6cd5f40a6f77fbd90e5ab915c8fd6e8c614af2db5561e16c600d6f3",
                "sha256:520b7a142d2524f999447b3a0cf95115df81c4f33003c51a6ab637cbda9d0bf4",
                "sha256:548eefad783ed787b38cb6f9a574bd8664468cc76d1538215d510a3cd41406cb",
                "sha256:555fe186da0068d3354cdf4bbcbc609b0ecae4d04c921cc13e209eece7720727",
                "sha256:55602981b2dbf8184c098bc10287e8c245e351cd4fdcad050bd7199d5a8bf514",
                "sha256:58e875eb7016fd014c0eea46c6fa92b87b62c0cb31b9feae25cbbe62c919f54d",
                "sha256:5a3580a4fdc4ac05f9e53c57f965e3594b2f99796231380adb2baaab96e22761",
                "sha256:5b70bab78accbc672f50e878a5b73ca692f45f5b5e25c8066d748c09405e6a55",
                "sha256:5ceca5876032362ae73b83347be8b5dbd2d1faf3358deb38c9c88776779b2e2f",
                "sha256:61f1e3fb621f5420523abb71f5771a204b33c21d31e7d9d86881b2cffe92c47c",
                "sha256:633968254f8d421e70f91c6ebe71ed0ab140220469cf87a9857e21c16687c034",
                "sha256:63a6f59e2d01310f754c270e4a257426fe5a591dc487f1983b3bbe793cf6bac6",
                "sha256:63accd11149c0f9a99e3bc095bbdb5a464862d77a7e309ad5938fbc8721235ae",
                "sha256:6db3cfb9b4fcecb4390db154e75b49578c87a3b9979b40cdf90d7e4b945656e1",
                "sha256:71ef3b9be10070360f289aea4838c784f8b851be3ba58cf796262b57775c2f14",
                "sha256:7ae8e5142dcc7a49168f4055255dbcced01dc1714a90a21f87448dc8d90617d1",
                "sha256:7b6cefa579e1237ce198619b76eaa148b71894fb0d6bcf9024460f9bf30fd228",
                "sha256:800561453acdecedaac137bf09cd719c7a440b6800ec182f077bb8e7025fb708",
                "sha256:82ca51ff0fc5b641a2d4e1cc8c5ff108699b7a56d7f3ad6f6da9dbb6f0145b48",
                "sha256:851cf693fb3aaef71031237cd68699dded198657ec1e76a76eb8be58c03a5d1f",
                "sha256:854cc74367180beb327ab9d00f964f6d91da06450b0855cbbb09187bcdb02de5",
                "sha256:87071618d3d8ec8b186d53cb6e66955ef2a0e4fa63ccd3709c0c90ac5a43520f",
                "sha256:871d045d6ccc181fd863a3cd66ee8e395523ebfbc57f85f91f035f50cee8e3d4",
                "sha256:8aee051c89e13565c6bd366813c386939f8e928af93c29fda4af86d25b73d8f8",
                "sha256:8af5a8917b8af42295e86b64903156b4f110a30dca5f3b5aedea123fbd638bff",
                "sha256:8ec8ef42c6cd5856a7613dcd1eaf21e5573b2185263d87d27c8edcae33b62a61",
                "sha256:91e43805ccafa0a91831f9cd5443aa34528c0c3f2cc48c4cb3d9a7721053874b",
                "sha256:9505dc359edb6a330efcd2be825fdb73ee3e628d9010597aa1aee5aa63442e97",
                "sha256:985c7965f62f6f32bf432e2681173db41336a9c2611693247069288bcb0c7f8b",
                "sha256:9a74041ba0bfa9bc9b9bb2cd3238a6ab3b7618e759b41bd15b5f6ad958d17605",
                "sha256:9edbe6a5bf8b56a4a84533ba2b2f489d0046e755c29616ef8830f9e7d9cf5728",
                "sha256:a15c1fe6d26e83fd2e5972425a772cca158eae58b05d4a25a4e474c221053e2d",
                "sha256:a66bcdf19c1a523e41b8e9d53d0cedbfbac2e93c649a2e9502cb26c014d0980c",
                "sha256:ae4070f741f8d809075ef697877fd350ecf0b7c5837ed68738607ee0a2c572cf",
                "sha256:ae55d592b02c4349525b6ed8f74c692509e5adffa842e582c0f861751701a673",
                "sha256:b578cbe580e3b41ad17b1c428f382c814b32a6ce90f2d8e39e2e635d49e498d1",
                "sha256:b891a2f68e09c5ef989007fac11476ed33c5c9994449a4e2c3386529d703dc8b",
                "sha256:baec8148d6b8bd5cee1ae138ba658c71f5b03e0d69d5907703e3e1df96db5e41",
                "sha256:bb06098d019766ca16fc915ecaa455c1f1cd594204e7f840cd6258237b5079a8",
                "sha256:bc791ec3fd0c4309a753f95bb6c749ef0d8ea3aea91f07ee1cf06b7b02118f2f",
                "sha256:bd28b31730f0e982ace8663d108e01199098432a30a4c410d06fe08fdb9e93f4",
                "sha256:be4d9c2770044a59715eb57c1144dedea7c5d5ae80c68fb9959515037cde2008",
                "sha256:c0c72d34e7de5604df0fde3644cc079feee5e55464967d10b24b1de268deceb9",
                "sha256:c0e842112fe3f1a4ffcf64b06dc4c61a88441c2f02f373367f7b4c1aa9be2ad5",
                "sha256:c15070ebf11b8b7fd1bfff7217e9324963c82dbdf6182ff7050519e350e7ad9f",
                "sha256:c2000c54c395d9e5e44c99dc7c20a64dc371f777faf8bae4919ad3e99ce5253e",
                "sha256:c30187840d36d0ba2893bc3271a36a517a717f9fd383a98e2697ee890a37c273",
                "sha256:cb7cd68814308aade9d0c93c5bd2ade9f9441666f8ba5aa9c2d4b389cb5e2a45",
                "sha256:cd805513198304026bd379d1d516afbf6c3c13f4382134a2c526b8b854da1c2e",
                "sha256:d0bf89afcbcf4d1bb2652f6580e5e55a840fdf87384f6063c4a4f0c95e378656",
                "sha256:d9137a876020661972ca6eec0766d81aef8a5627df628b664b234b73396e727e",
                "sha256:dbd95e300367aa0827496fe75a1766d198d34385a58f97683fe6e07f89ca3e3c",
                "sha256:dced27917823df984fe0c80a5c4ad75cf58df0fbfae890bc08004cd3888922a2",
                "sha256:de0b4caa1c8a21394e8ce971997614a17648f94e1cd0640fbd6b4d14cab13a72",
                "sha256:debb633f3f7856f95ad957d9b9c781f8e2c6303ef21724ec94bea2ce2fcbd056",
                "sha256:e372d7dfd154009142631de2d316adad3cc1c36c32a38b16a4751ba78da2a397",
                "sha256:ecd26be9f112c4f96718290c10f4caea6cc798459a3a76636b817a0ed7874e42",
                "sha256:edc0202099ea1d82844316604e17d2b175044f9bcb6b398aab781eba957224bd",
                "sha256:f194cce575e59ffe442c10a360182a986535fd90b57f7debfaa5c845c409ecc3",
                "sha256:f5fb672c396d826ca16a022ac04c9dce74e00a1c344f6ad1a0fdc1ba1f332213",
                "sha256:f6a02a3c7950cafaadcd46a226ad9e12fc9744652cc69f9e5534f98b47f3bbcf",
                "sha256:fe81b35c33772e56f4b6cf62cf4aedc1762ef7162a31e6ac7fe5e40d0149eb67"
            ],
            "markers": "python_full_version >= '3.7.0'",
            "version": "==3.3.1"
        },
        "flake8": {
            "hashes": [
                "sha256:d5b3857f07c030bdb5bf41c7f53799571d75c4491748a3adcd47de929e34cd23",
                "sha256:ffdfce58ea94c6580c77888a86506937f9a1a227dfcd15f245d694ae20a6b6e5"
            ],
            "index": "pypi",
            "markers": "python_full_version >= '3.8.1'",
            "version": "==6.1.0"
        },
        "idna": {
            "hashes": [
                "sha256:814f528e8dead7d329833b91c5faa87d60bf71824cd12a7530b5526063d02cb4",
                "sha256:90b77e79eaa3eba6de819a0c442c0b4ceefc341a7a2ab77d7562bf49f425c5c2"
            ],
            "markers": "python_version >= '3.5'",
            "version": "==3.4"
        },
        "iniconfig": {
            "hashes": [
                "sha256:2d91e135bf72d31a410b17c16da610a82cb55f6b0477d1a902134b24a455b8b3",
                "sha256:b6a85871a79d2e3b22d2d1b94ac2824226a63c6b741c88f7ae975f18b6778374"
            ],
            "markers": "python_version >= '3.7'",
            "version": "==2.0.0"
        },
        "mccabe": {
            "hashes": [
                "sha256:348e0240c33b60bbdf4e523192ef919f28cb2c3d7d5c7794f74009290f236325",
                "sha256:6c2d30ab6be0e4a46919781807b4f0d834ebdd6c6e3dca0bda5a15f863427b6e"
            ],
            "markers": "python_version >= '3.6'",
            "version": "==0.7.0"
        },
        "packaging": {
            "hashes": [
                "sha256:048fb0e9405036518eaaf48a55953c750c11e1a1b68e0dd1a9d62ed0c092cfc5",
                "sha256:8c491190033a9af7e1d931d0b5dacc2ef47509b34dd0de67ed209b5203fc88c7"
            ],
            "markers": "python_version >= '3.7'",
            "version": "==23.2"
        },
        "pluggy": {
            "hashes": [
                "sha256:cf61ae8f126ac6f7c451172cf30e3e43d3ca77615509771b3a984a0730651e12",
                "sha256:d89c696a773f8bd377d18e5ecda92b7a3793cbe66c87060a6fb58c7b6e1061f7"
            ],
            "markers": "python_version >= '3.8'",
            "version": "==1.3.0"
        },
        "pycodestyle": {
            "hashes": [
                "sha256:41ba0e7afc9752dfb53ced5489e89f8186be00e599e712660695b7a75ff2663f",
                "sha256:44fe31000b2d866f2e41841b18528a505fbd7fef9017b04eff4e2648a0fadc67"
            ],
            "markers": "python_version >= '3.8'",
            "version": "==2.11.1"
        },
        "pyflakes": {
            "hashes": [
                "sha256:4132f6d49cb4dae6819e5379898f2b8cce3c5f23994194c24b77d5da2e36f774",
                "sha256:a0aae034c444db0071aa077972ba4768d40c830d9539fd45bf4cd3f8f6992efc"
            ],
            "markers": "python_version >= '3.8'",
            "version": "==3.1.0"
        },
        "pytest": {
            "hashes": [
                "sha256:0d009c083ea859a71b76adf7c1d502e4bc170b80a8ef002da5806527b9591fac",
                "sha256:d989d136982de4e3b29dabcc838ad581c64e8ed52c11fbe86ddebd9da0818cd5"
            ],
            "index": "pypi",
            "markers": "python_version >= '3.7'",
            "version": "==7.4.3"
        },
        "pytest-asyncio": {
            "hashes": [
                "sha256:40a7eae6dded22c7b604986855ea48400ab15b069ae38116e8c01238e9eeb64d",
                "sha256:8666c1c8ac02631d7c51ba282e0c69a8a452b211ffedf2599099845da5c5c37b"
            ],
            "index": "pypi",
            "markers": "python_version >= '3.7'",
            "version": "==0.21.1"
        },
        "pytest-docker": {
            "hashes": [
                "sha256:12c42c17de7cb26f166a578f5a415399e6f2b8bcb5c5321f054a5d4551a7ecc7",
                "sha256:3cc03a5b0f080807a49504197c16763811ba45863f26ae52c4411e499d4a2a86"
            ],
            "index": "pypi",
            "markers": "python_version >= '3.6'",
            "version": "==2.0.0"
        },
        "requests": {
            "hashes": [
                "sha256:58cd2187c01e70e6e26505bca751777aa9f2ee0b7f4300988b709f44e013003f",
                "sha256:942c5a758f98d790eaed1a29cb6eefc7ffb0d1cf7af05c3d2791656dbd6ad1e1"
            ],
            "index": "pypi",
            "markers": "python_version >= '3.7'",
            "version": "==2.31.0"
        },
        "urllib3": {
            "hashes": [
                "sha256:c97dfde1f7bd43a71c8d2a58e369e9b2bf692d1334ea9f9cae55add7d0dd0f84",
                "sha256:fdb6d215c776278489906c2f8916e6e7d4f5a9b602ccbcfdf7f016fc8da0596e"
            ],
            "markers": "python_version >= '3.7'",
            "version": "==2.0.7"
        }
    }
}
